
Microsoft Visual Studio Solution File, Format Version 12.00
# Visual Studio 15
VisualStudioVersion = 15.0.27004.2009
MinimumVisualStudioVersion = 10.0.40219.1
Project("{FAE04EC0-301F-11D3-BF4B-00C04F79EFBC}") = "di-demo", "di-demo\di-demo.csproj", "{5549C6AF-77BB-4089-8B6C-21232013DDFA}"
EndProject
Project("{FAE04EC0-301F-11D3-BF4B-00C04F79EFBC}") = "di-demo.Tests", "di-demo.Tests\di-demo.Tests.csproj", "{C26E5D0B-78CF-441B-88B6-C8F7E7DE772E}"
EndProject
Global
	GlobalSection(SolutionConfigurationPlatforms) = preSolution
		Debug|Any CPU = Debug|Any CPU
		Release|Any CPU = Release|Any CPU
	EndGlobalSection
	GlobalSection(ProjectConfigurationPlatforms) = postSolution
		{5549C6AF-77BB-4089-8B6C-21232013DDFA}.Debug|Any CPU.ActiveCfg = Debug|Any CPU
		{5549C6AF-77BB-4089-8B6C-21232013DDFA}.Debug|Any CPU.Build.0 = Debug|Any CPU
		{5549C6AF-77BB-4089-8B6C-21232013DDFA}.Release|Any CPU.ActiveCfg = Release|Any CPU
		{5549C6AF-77BB-4089-8B6C-21232013DDFA}.Release|Any CPU.Build.0 = Release|Any CPU
		{C26E5D0B-78CF-441B-88B6-C8F7E7DE772E}.Debug|Any CPU.ActiveCfg = Debug|Any CPU
		{C26E5D0B-78CF-441B-88B6-C8F7E7DE772E}.Debug|Any CPU.Build.0 = Debug|Any CPU
		{C26E5D0B-78CF-441B-88B6-C8F7E7DE772E}.Release|Any CPU.ActiveCfg = Release|Any CPU
		{C26E5D0B-78CF-441B-88B6-C8F7E7DE772E}.Release|Any CPU.Build.0 = Release|Any CPU
	EndGlobalSection
	GlobalSection(SolutionProperties) = preSolution
		HideSolutionNode = FALSE
	EndGlobalSection
	GlobalSection(ExtensibilityGlobals) = postSolution
		SolutionGuid = {8E602DB4-FD22-4419-B119-9290CBE365F1}
	EndGlobalSection
EndGlobal
